
Microsoft Visual Studio Solution File, Format Version 12.00
# Visual Studio Version 16
VisualStudioVersion = 16.0.31129.286
MinimumVisualStudioVersion = 10.0.40219.1
Project("{FAE04EC0-301F-11D3-BF4B-00C04F79EFBC}") = "EvoNaploTFS", "EvoNaploTFS\EvoNaploTFS.csproj", "{291B5F8A-0874-446A-BE93-D8DAB80C9510}"
EndProject
Global
	GlobalSection(SolutionConfigurationPlatforms) = preSolution
		Debug|Any CPU = Debug|Any CPU
		Release|Any CPU = Release|Any CPU
	EndGlobalSection
	GlobalSection(ProjectConfigurationPlatforms) = postSolution
		{291B5F8A-0874-446A-BE93-D8DAB80C9510}.Debug|Any CPU.ActiveCfg = Debug|Any CPU
		{291B5F8A-0874-446A-BE93-D8DAB80C9510}.Debug|Any CPU.Build.0 = Debug|Any CPU
		{291B5F8A-0874-446A-BE93-D8DAB80C9510}.Release|Any CPU.ActiveCfg = Release|Any CPU
		{291B5F8A-0874-446A-BE93-D8DAB80C9510}.Release|Any CPU.Build.0 = Release|Any CPU
	EndGlobalSection
	GlobalSection(SolutionProperties) = preSolution
		HideSolutionNode = FALSE
	EndGlobalSection
	GlobalSection(ExtensibilityGlobals) = postSolution
		SolutionGuid = {7428AA98-D7D3-4DCE-9874-2269146CDDD9}
	EndGlobalSection
EndGlobal
